
Microsoft Visual Studio Solution File, Format Version 12.00
# Visual Studio Version 16
VisualStudioVersion = 16.0.29424.173
MinimumVisualStudioVersion = 10.0.40219.1
Project("{9A19103F-16F7-4668-BE54-9A1E7A4F7556}") = "BlobMyData.Domain", "BlobMyData.Domain\BlobMyData.Domain.csproj", "{5F88F331-9A0C-4961-9025-0DD6C1975D02}"
EndProject
Project("{FAE04EC0-301F-11D3-BF4B-00C04F79EFBC}") = "BlobMyData.UI", "BlobMyData.UI\BlobMyData.UI.csproj", "{D3DF3336-B420-4CD6-AC75-A79B53F993D2}"
EndProject
Project("{FAE04EC0-301F-11D3-BF4B-00C04F79EFBC}") = "BlobMyData.Infrastructure", "BlobMyData.Infrastructure\BlobMyData.Infrastructure.csproj", "{F473E40B-4861-4C40-AD4F-4955FBF259B6}"
EndProject
Global
	GlobalSection(SolutionConfigurationPlatforms) = preSolution
		Debug|Any CPU = Debug|Any CPU
		Release|Any CPU = Release|Any CPU
	EndGlobalSection
	GlobalSection(ProjectConfigurationPlatforms) = postSolution
		{5F88F331-9A0C-4961-9025-0DD6C1975D02}.Debug|Any CPU.ActiveCfg = Debug|Any CPU
		{5F88F331-9A0C-4961-9025-0DD6C1975D02}.Debug|Any CPU.Build.0 = Debug|Any CPU
		{5F88F331-9A0C-4961-9025-0DD6C1975D02}.Release|Any CPU.ActiveCfg = Release|Any CPU
		{5F88F331-9A0C-4961-9025-0DD6C1975D02}.Release|Any CPU.Build.0 = Release|Any CPU
		{D3DF3336-B420-4CD6-AC75-A79B53F993D2}.Debug|Any CPU.ActiveCfg = Debug|Any CPU
		{D3DF3336-B420-4CD6-AC75-A79B53F993D2}.Debug|Any CPU.Build.0 = Debug|Any CPU
		{D3DF3336-B420-4CD6-AC75-A79B53F993D2}.Release|Any CPU.ActiveCfg = Release|Any CPU
		{D3DF3336-B420-4CD6-AC75-A79B53F993D2}.Release|Any CPU.Build.0 = Release|Any CPU
		{F473E40B-4861-4C40-AD4F-4955FBF259B6}.Debug|Any CPU.ActiveCfg = Debug|Any CPU
		{F473E40B-4861-4C40-AD4F-4955FBF259B6}.Debug|Any CPU.Build.0 = Debug|Any CPU
		{F473E40B-4861-4C40-AD4F-4955FBF259B6}.Release|Any CPU.ActiveCfg = Release|Any CPU
		{F473E40B-4861-4C40-AD4F-4955FBF259B6}.Release|Any CPU.Build.0 = Release|Any CPU
	EndGlobalSection
	GlobalSection(SolutionProperties) = preSolution
		HideSolutionNode = FALSE
	EndGlobalSection
	GlobalSection(ExtensibilityGlobals) = postSolution
		SolutionGuid = {788485CF-41E7-4681-B367-7F89C5B2A53D}
	EndGlobalSection
EndGlobal
